dependencies:
- name: trino
  repository: https://trinodb.github.io/charts
  version: 1.42.2
- name: spark-operator
  repository: https://kubeflow.github.io/spark-operator
  version: 1.1.27
- name: polaris
  repository: file://./charts/polaris
  version: 0.1.0
- name: airflow
  repository: https://airflow.apache.org
  version: 1.16.0
- name: milvus
  repository: https://zilliztech.github.io/milvus-helm/
  version: 5.0.14
- name: superset
  repository: https://apache.github.io/superset
  version: 0.12.8
digest: sha256:0bbdc2958172367cfc52dbc5f3610fc72ff0aba2fc1983f96ea720496d90a648
generated: "2026-06-22T00:07:28.645896+03:00"
